
Microsoft Visual Studio Solution File, Format Version 12.00
# Visual Studio Version 16
VisualStudioVersion = 16.0.30621.155
MinimumVisualStudioVersion = 10.0.40219.1
Project("{FAE04EC0-301F-11D3-BF4B-00C04F79EFBC}") = "SudokuApp.UWP", "SudokuApp\SudokuApp.UWP\SudokuApp.UWP.csproj", "{E49D9E24-C91A-426E-8778-23B44D37B3E6}"
EndProject
Project("{9A19103F-16F7-4668-BE54-9A1E7A4F7556}") = "SudokuApp", "SudokuApp\SudokuApp\SudokuApp.csproj", "{BAA2687A-0A43-4957-9306-34DF45BC331E}"
EndProject
Project("{FAE04EC0-301F-11D3-BF4B-00C04F79EFBC}") = "SudokuApp.Test", "SudokuApp.Test\SudokuApp.Test.csproj", "{38F1E298-DDE2-4D89-BC39-8D51C73C373B}"
	ProjectSection(ProjectDependencies) = postProject
		{E49D9E24-C91A-426E-8778-23B44D37B3E6} = {E49D9E24-C91A-426E-8778-23B44D37B3E6}
		{BAA2687A-0A43-4957-9306-34DF45BC331E} = {BAA2687A-0A43-4957-9306-34DF45BC331E}
	EndProjectSection
EndProject
Global
	GlobalSection(SolutionConfigurationPlatforms) = preSolution
		Debug|Any CPU = Debug|Any CPU
		Debug|ARM = Debug|ARM
		Debug|x64 = Debug|x64
		Debug|x86 = Debug|x86
		Release|Any CPU = Release|Any CPU
		Release|ARM = Release|ARM
		Release|x64 = Release|x64
		Release|x86 = Release|x86
	EndGlobalSection
	GlobalSection(ProjectConfigurationPlatforms) = postSolution
		{E49D9E24-C91A-426E-8778-23B44D37B3E6}.Debug|Any CPU.ActiveCfg = Debug|x86
		{E49D9E24-C91A-426E-8778-23B44D37B3E6}.Debug|Any CPU.Build.0 = Debug|x86
		{E49D9E24-C91A-426E-8778-23B44D37B3E6}.Debug|Any CPU.Deploy.0 = Debug|x86
		{E49D9E24-C91A-426E-8778-23B44D37B3E6}.Debug|ARM.ActiveCfg = Debug|ARM
		{E49D9E24-C91A-426E-8778-23B44D37B3E6}.Debug|ARM.Build.0 = Debug|ARM
		{E49D9E24-C91A-426E-8778-23B44D37B3E6}.Debug|ARM.Deploy.0 = Debug|ARM
		{E49D9E24-C91A-426E-8778-23B44D37B3E6}.Debug|x64.ActiveCfg = Debug|x64
		{E49D9E24-C91A-426E-8778-23B44D37B3E6}.Debug|x64.Build.0 = Debug|x64
		{E49D9E24-C91A-426E-8778-23B44D37B3E6}.Debug|x64.Deploy.0 = Debug|x64
		{E49D9E24-C91A-426E-8778-23B44D37B3E6}.Debug|x86.ActiveCfg = Debug|x86
		{E49D9E24-C91A-426E-8778-23B44D37B3E6}.Debug|x86.Build.0 = Debug|x86
		{E49D9E24-C91A-426E-8778-23B44D37B3E6}.Debug|x86.Deploy.0 = Debug|x86
		{E49D9E24-C91A-426E-8778-23B44D37B3E6}.Release|Any CPU.ActiveCfg = Release|x86
		{E49D9E24-C91A-426E-8778-23B44D37B3E6}.Release|Any CPU.Build.0 = Release|x86
		{E49D9E24-C91A-426E-8778-23B44D37B3E6}.Release|Any CPU.Deploy.0 = Release|x86
		{E49D9E24-C91A-426E-8778-23B44D37B3E6}.Release|ARM.ActiveCfg = Release|ARM
		{E49D9E24-C91A-426E-8778-23B44D37B3E6}.Release|ARM.Build.0 = Release|ARM
		{E49D9E24-C91A-426E-8778-23B44D37B3E6}.Release|ARM.Deploy.0 = Release|ARM
		{E49D9E24-C91A-426E-8778-23B44D37B3E6}.Release|x64.ActiveCfg = Release|x64
		{E49D9E24-C91A-426E-8778-23B44D37B3E6}.Release|x64.Build.0 = Release|x64
		{E49D9E24-C91A-426E-8778-23B44D37B3E6}.Release|x64.Deploy.0 = Release|x64
		{E49D9E24-C91A-426E-8778-23B44D37B3E6}.Release|x86.ActiveCfg = Release|x86
		{E49D9E24-C91A-426E-8778-23B44D37B3E6}.Release|x86.Build.0 = Release|x86
		{E49D9E24-C91A-426E-8778-23B44D37B3E6}.Release|x86.Deploy.0 = Release|x86
		{BAA2687A-0A43-4957-9306-34DF45BC331E}.Debug|Any CPU.ActiveCfg = Debug|Any CPU
		{BAA2687A-0A43-4957-9306-34DF45BC331E}.Debug|Any CPU.Build.0 = Debug|Any CPU
		{BAA2687A-0A43-4957-9306-34DF45BC331E}.Debug|Any CPU.Deploy.0 = Debug|Any CPU
		{BAA2687A-0A43-4957-9306-34DF45BC331E}.Debug|ARM.ActiveCfg = Debug|Any CPU
		{BAA2687A-0A43-4957-9306-34DF45BC331E}.Debug|ARM.Build.0 = Debug|Any CPU
		{BAA2687A-0A43-4957-9306-34DF45BC331E}.Debug|ARM.Deploy.0 = Debug|Any CPU
		{BAA2687A-0A43-4957-9306-34DF45BC331E}.Debug|x64.ActiveCfg = Debug|Any CPU
		{BAA2687A-0A43-4957-9306-34DF45BC331E}.Debug|x64.Build.0 = Debug|Any CPU
		{BAA2687A-0A43-4957-9306-34DF45BC331E}.Debug|x64.Deploy.0 = Debug|Any CPU
		{BAA2687A-0A43-4957-9306-34DF45BC331E}.Debug|x86.ActiveCfg = Debug|Any CPU
		{BAA2687A-0A43-4957-9306-34DF45BC331E}.Debug|x86.Build.0 = Debug|Any CPU
		{BAA2687A-0A43-4957-9306-34DF45BC331E}.Debug|x86.Deploy.0 = Debug|Any CPU
		{BAA2687A-0A43-4957-9306-34DF45BC331E}.Release|Any CPU.ActiveCfg = Release|Any CPU
		{BAA2687A-0A43-4957-9306-34DF45BC331E}.Release|Any CPU.Build.0 = Release|Any CPU
		{BAA2687A-0A43-4957-9306-34DF45BC331E}.Release|Any CPU.Deploy.0 = Release|Any CPU
		{BAA2687A-0A43-4957-9306-34DF45BC331E}.Release|ARM.ActiveCfg = Release|Any CPU
		{BAA2687A-0A43-4957-9306-34DF45BC331E}.Release|ARM.Build.0 = Release|Any CPU
		{BAA2687A-0A43-4957-9306-34DF45BC331E}.Release|ARM.Deploy.0 = Release|Any CPU
		{BAA2687A-0A43-4957-9306-34DF45BC331E}.Release|x64.ActiveCfg = Release|Any CPU
		{BAA2687A-0A43-4957-9306-34DF45BC331E}.Release|x64.Build.0 = Release|Any CPU
		{BAA2687A-0A43-4957-9306-34DF45BC331E}.Release|x64.Deploy.0 = Release|Any CPU
		{BAA2687A-0A43-4957-9306-34DF45BC331E}.Release|x86.ActiveCfg = Release|Any CPU
		{BAA2687A-0A43-4957-9306-34DF45BC331E}.Release|x86.Build.0 = Release|Any CPU
		{BAA2687A-0A43-4957-9306-34DF45BC331E}.Release|x86.Deploy.0 = Release|Any CPU
		{38F1E298-DDE2-4D89-BC39-8D51C73C373B}.Debug|Any CPU.ActiveCfg = Debug|Any CPU
		{38F1E298-DDE2-4D89-BC39-8D51C73C373B}.Debug|Any CPU.Build.0 = Debug|Any CPU
		{38F1E298-DDE2-4D89-BC39-8D51C73C373B}.Debug|ARM.ActiveCfg = Debug|Any CPU
		{38F1E298-DDE2-4D89-BC39-8D51C73C373B}.Debug|ARM.Build.0 = Debug|Any CPU
		{38F1E298-DDE2-4D89-BC39-8D51C73C373B}.Debug|x64.ActiveCfg = Debug|Any CPU
		{38F1E298-DDE2-4D89-BC39-8D51C73C373B}.Debug|x64.Build.0 = Debug|Any CPU
		{38F1E298-DDE2-4D89-BC39-8D51C73C373B}.Debug|x86.ActiveCfg = Debug|Any CPU
		{38F1E298-DDE2-4D89-BC39-8D51C73C373B}.Debug|x86.Build.0 = Debug|Any CPU
		{38F1E298-DDE2-4D89-BC39-8D51C73C373B}.Release|Any CPU.ActiveCfg = Release|Any CPU
		{38F1E298-DDE2-4D89-BC39-8D51C73C373B}.Release|Any CPU.Build.0 = Release|Any CPU
		{38F1E298-DDE2-4D89-BC39-8D51C73C373B}.Release|ARM.ActiveCfg = Release|Any CPU
		{38F1E298-DDE2-4D89-BC39-8D51C73C373B}.Release|ARM.Build.0 = Release|Any CPU
		{38F1E298-DDE2-4D89-BC39-8D51C73C373B}.Release|x64.ActiveCfg = Release|Any CPU
		{38F1E298-DDE2-4D89-BC39-8D51C73C373B}.Release|x64.Build.0 = Release|Any CPU
		{38F1E298-DDE2-4D89-BC39-8D51C73C373B}.Release|x86.ActiveCfg = Release|Any CPU
		{38F1E298-DDE2-4D89-BC39-8D51C73C373B}.Release|x86.Build.0 = Release|Any CPU
	EndGlobalSection
	GlobalSection(SolutionProperties) = preSolution
		HideSolutionNode = FALSE
	EndGlobalSection
	GlobalSection(ExtensibilityGlobals) = postSolution
		SolutionGuid = {6245FD1D-342C-4FFF-B8D6-6108508732F5}
	EndGlobalSection
EndGlobal
